// !$*UTF8*$!
{
	archiveVersion = 1;
	classes = {
	};
	objectVersion = 46;
	objects = {

/* Begin PBXBuildFile section */
		39601258181F4170008C6A47 /* catface.jpg in Resources */ = {isa = PBXBuildFile; fileRef = 39601256181F4170008C6A47 /* catface.jpg */; };
		39601259181F4170008C6A47 /* dogface.jpg in Resources */ = {isa = PBXBuildFile; fileRef = 39601257181F4170008C6A47 /* dogface.jpg */; };
		3979CA241830613C006E6979 /* MenuViewController.m in Sources */ = {isa = PBXBuildFile; fileRef = 3979CA231830613C006E6979 /* MenuViewController.m */; };
		39AEB5E4181F2A6100EA48DD /* Foundation.framework in Frameworks */ = {isa = PBXBuildFile; fileRef = 39AEB5E3181F2A6100EA48DD /* Foundation.framework */; };
		39AEB5E6181F2A6100EA48DD /* CoreGraphics.framework in Frameworks */ = {isa = PBXBuildFile; fileRef = 39AEB5E5181F2A6100EA48DD /* CoreGraphics.framework */; };
		39AEB5E8181F2A6100EA48DD /* UIKit.framework in Frameworks */ = {isa = PBXBuildFile; fileRef = 39AEB5E7181F2A6100EA48DD /* UIKit.framework */; };
		39AEB5EE181F2A6100EA48DD /* InfoPlist.strings in Resources */ = {isa = PBXBuildFile; fileRef = 39AEB5EC181F2A6100EA48DD /* InfoPlist.strings */; };
		39AEB5F0181F2A6100EA48DD /* main.m in Sources */ = {isa = PBXBuildFile; fileRef = 39AEB5EF181F2A6100EA48DD /* main.m */; };
		39AEB5F4181F2A6100EA48DD /* Week2MissilesAppDelegate.m in Sources */ = {isa = PBXBuildFile; fileRef = 39AEB5F3181F2A6100EA48DD /* Week2MissilesAppDelegate.m */; };
		39AEB5F6181F2A6100EA48DD /* Images.xcassets in Resources */ = {isa = PBXBuildFile; fileRef = 39AEB5F5181F2A6100EA48DD /* Images.xcassets */; };
		39AEB5FD181F2A6100EA48DD /* XCTest.framework in Frameworks */ = {isa = PBXBuildFile; fileRef = 39AEB5FC181F2A6100EA48DD /* XCTest.framework */; };
		39AEB5FE181F2A6100EA48DD /* Foundation.framework in Frameworks */ = {isa = PBXBuildFile; fileRef = 39AEB5E3181F2A6100EA48DD /* Foundation.framework */; };
		39AEB5FF181F2A6100EA48DD /* UIKit.framework in Frameworks */ = {isa = PBXBuildFile; fileRef = 39AEB5E7181F2A6100EA48DD /* UIKit.framework */; };
		39AEB607181F2A6100EA48DD /* InfoPlist.strings in Resources */ = {isa = PBXBuildFile; fileRef = 39AEB605181F2A6100EA48DD /* InfoPlist.strings */; };
		39AEB609181F2A6100EA48DD /* Week2MissilesTests.m in Sources */ = {isa = PBXBuildFile; fileRef = 39AEB608181F2A6100EA48DD /* Week2MissilesTests.m */; };
		39AEB616181F2B4200EA48DD /* Utility.m in Sources */ = {isa = PBXBuildFile; fileRef = 39AEB613181F2B4200EA48DD /* Utility.m */; };
		39AEB617181F2B4200EA48DD /* Box.m in Sources */ = {isa = PBXBuildFile; fileRef = 39AEB614181F2B4200EA48DD /* Box.m */; };
		39AEB61A181F2B7000EA48DD /* GameViewController.m in Sources */ = {isa = PBXBuildFile; fileRef = 39AEB619181F2B7000EA48DD /* GameViewController.m */; };
		39AEB61C181F2BD700EA48DD /* QuartzCore.framework in Frameworks */ = {isa = PBXBuildFile; fileRef = 39AEB61B181F2BD700EA48DD /* QuartzCore.framework */; };
/* End PBXBuildFile section */

/* Begin PBXContainerItemProxy section */
		39AEB600181F2A6100EA48DD /* PBXContainerItemProxy */ = {
			isa = PBXContainerItemProxy;
			containerPortal = 39AEB5D8181F2A6100EA48DD /* Project object */;
			proxyType = 1;
			remoteGlobalIDString = 39AEB5DF181F2A6100EA48DD;
			remoteInfo = Week2Missiles;
		};
/* End PBXContainerItemProxy section */

/* Begin PBXFileReference section */
		39601256181F4170008C6A47 /* catface.jpg */ = {isa = PBXFileReference; lastKnownFileType = image.jpeg; path = catface.jpg; sourceTree = "<group>"; };
		39601257181F4170008C6A47 /* dogface.jpg */ = {isa = PBXFileReference; lastKnownFileType = image.jpeg; path = dogface.jpg; sourceTree = "<group>"; };
		3979CA221830613C006E6979 /* MenuViewController.h */ = {isa = PBXFileReference; fileEncoding = 4; lastKnownFileType = sourcecode.c.h; path = MenuViewController.h; sourceTree = "<group>"; };
		3979CA231830613C006E6979 /* MenuViewController.m */ = {isa = PBXFileReference; fileEncoding = 4; lastKnownFileType = sourcecode.c.objc; path = MenuViewController.m; sourceTree = "<group>"; };
		39AEB5E0181F2A6100EA48DD /* Week2Missiles.app */ = {isa = PBXFileReference; explicitFileType = wrapper.application; includeInIndex = 0; path = Week2Missiles.app; sourceTree = BUILT_PRODUCTS_DIR; };
		39AEB5E3181F2A6100EA48DD /* Foundation.framework */ = {isa = PBXFileReference; lastKnownFileType = wrapper.framework; name = Foundation.framework; path = System/Library/Frameworks/Foundation.framework; sourceTree = SDKROOT; };
		39AEB5E5181F2A6100EA48DD /* CoreGraphics.framework */ = {isa = PBXFileReference; lastKnownFileType = wrapper.framework; name = CoreGraphics.framework; path = System/Library/Frameworks/CoreGraphics.framework; sourceTree = SDKROOT; };
		39AEB5E7181F2A6100EA48DD /* UIKit.framework */ = {isa = PBXFileReference; lastKnownFileType = wrapper.framework; name = UIKit.framework; path = System/Library/Frameworks/UIKit.framework; sourceTree = SDKROOT; };
		39AEB5EB181F2A6100EA48DD /* Week2Missiles-Info.plist */ = {isa = PBXFileReference; lastKnownFileType = text.plist.xml; path = "Week2Missiles-Info.plist"; sourceTree = "<group>"; };
		39AEB5ED181F2A6100EA48DD /* en */ = {isa = PBXFileReference; lastKnownFileType = text.plist.strings; name = en; path = en.lproj/InfoPlist.strings; sourceTree = "<group>"; };
		39AEB5EF181F2A6100EA48DD /* main.m */ = {isa = PBXFileReference; lastKnownFileType = sourcecode.c.objc; path = main.m; sourceTree = "<group>"; };
		39AEB5F1181F2A6100EA48DD /* Week2Missiles-Prefix.pch */ = {isa = PBXFileReference; lastKnownFileType = sourcecode.c.h; path = "Week2Missiles-Prefix.pch"; sourceTree = "<group>"; };
		39AEB5F2181F2A6100EA48DD /* Week2MissilesAppDelegate.h */ = {isa = PBXFileReference; lastKnownFileType = sourcecode.c.h; path = Week2MissilesAppDelegate.h; sourceTree = "<group>"; };
		39AEB5F3181F2A6100EA48DD /* Week2MissilesAppDelegate.m */ = {isa = PBXFileReference; lastKnownFileType = sourcecode.c.objc; path = Week2MissilesAppDelegate.m; sourceTree = "<group>"; };
		39AEB5F5181F2A6100EA48DD /* Images.xcassets */ = {isa = PBXFileReference; lastKnownFileType = folder.assetcatalog; path = Images.xcassets; sourceTree = "<group>"; };
		39AEB5FB181F2A6100EA48DD /* Week2MissilesTests.xctest */ = {isa = PBXFileReference; explicitFileType = wrapper.cfbundle; includeInIndex = 0; path = Week2MissilesTests.xctest; sourceTree = BUILT_PRODUCTS_DIR; };
		39AEB5FC181F2A6100EA48DD /* XCTest.framework */ = {isa = PBXFileReference; lastKnownFileType = wrapper.framework; name = XCTest.framework; path = Library/Frameworks/XCTest.framework; sourceTree = DEVELOPER_DIR; };
		39AEB604181F2A6100EA48DD /* Week2MissilesTests-Info.plist */ = {isa = PBXFileReference; lastKnownFileType = text.plist.xml; path = "Week2MissilesTests-Info.plist"; sourceTree = "<group>"; };
		39AEB606181F2A6100EA48DD /* en */ = {isa = PBXFileReference; lastKnownFileType = text.plist.strings; name = en; path = en.lproj/InfoPlist.strings; sourceTree = "<group>"; };
		39AEB608181F2A6100EA48DD /* Week2MissilesTests.m */ = {isa = PBXFileReference; lastKnownFileType = sourcecode.c.objc; path = Week2MissilesTests.m; sourceTree = "<group>"; };
		39AEB612181F2B4200EA48DD /* Box.h */ = {isa = PBXFileReference; fileEncoding = 4; lastKnownFileType = sourcecode.c.h; path = Box.h; sourceTree = "<group>"; };
		39AEB613181F2B4200EA48DD /* Utility.m */ = {isa = PBXFileReference; fileEncoding = 4; lastKnownFileType = sourcecode.c.objc; path = Utility.m; sourceTree = "<group>"; };
		39AEB614181F2B4200EA48DD /* Box.m */ = {isa = PBXFileReference; fileEncoding = 4; lastKnownFileType = sourcecode.c.objc; path = Box.m; sourceTree = "<group>"; };
		39AEB615181F2B4200EA48DD /* Utility.h */ = {isa = PBXFileReference; fileEncoding = 4; lastKnownFileType = sourcecode.c.h; path = Utility.h; sourceTree = "<group>"; };
		39AEB618181F2B7000EA48DD /* GameViewController.h */ = {isa = PBXFileReference; fileEncoding = 4; lastKnownFileType = sourcecode.c.h; path = GameViewController.h; sourceTree = "<group>"; };
		39AEB619181F2B7000EA48DD /* GameViewController.m */ = {isa = PBXFileReference; fileEncoding = 4; lastKnownFileType = sourcecode.c.objc; path = GameViewController.m; sourceTree = "<group>"; };
		39AEB61B181F2BD700EA48DD /* QuartzCore.framework */ = {isa = PBXFileReference; lastKnownFileType = wrapper.framework; name = QuartzCore.framework; path = System/Library/Frameworks/QuartzCore.framework; sourceTree = SDKROOT; };
/* End PBXFileReference section */

/* Begin PBXFrameworksBuildPhase section */
		39AEB5DD181F2A6100EA48DD /* Frameworks */ = {
			isa = PBXFrameworksBuildPhase;
			buildActionMask = 2147483647;
			files = (
				39AEB61C181F2BD700EA48DD /* QuartzCore.framework in Frameworks */,
				39AEB5E6181F2A6100EA48DD /* CoreGraphics.framework in Frameworks */,
				39AEB5E8181F2A6100EA48DD /* UIKit.framework in Frameworks */,
				39AEB5E4181F2A6100EA48DD /* Foundation.framework in Frameworks */,
			);
			runOnlyForDeploymentPostprocessing = 0;
		};
		39AEB5F8181F2A6100EA48DD /* Frameworks */ = {
			isa = PBXFrameworksBuildPhase;
			buildActionMask = 2147483647;
			files = (
				39AEB5FD181F2A6100EA48DD /* XCTest.framework in Frameworks */,
				39AEB5FF181F2A6100EA48DD /* UIKit.framework in Frameworks */,
				39AEB5FE181F2A6100EA48DD /* Foundation.framework in Frameworks */,
			);
			runOnlyForDeploymentPostprocessing = 0;
		};
/* End PBXFrameworksBuildPhase section */

/* Begin PBXGroup section */
		39AEB5D7181F2A6100EA48DD = {
			isa = PBXGroup;
			children = (
				39AEB5E9181F2A6100EA48DD /* Week2Missiles */,
				39AEB602181F2A6100EA48DD /* Week2MissilesTests */,
				39AEB5E2181F2A6100EA48DD /* Frameworks */,
				39AEB5E1181F2A6100EA48DD /* Products */,
			);
			sourceTree = "<group>";
		};
		39AEB5E1181F2A6100EA48DD /* Products */ = {
			isa = PBXGroup;
			children = (
				39AEB5E0181F2A6100EA48DD /* Week2Missiles.app */,
				39AEB5FB181F2A6100EA48DD /* Week2MissilesTests.xctest */,
			);
			name = Products;
			sourceTree = "<group>";
		};
		39AEB5E2181F2A6100EA48DD /* Frameworks */ = {
			isa = PBXGroup;
			children = (
				39AEB61B181F2BD700EA48DD /* QuartzCore.framework */,
				39AEB5E3181F2A6100EA48DD /* Foundation.framework */,
				39AEB5E5181F2A6100EA48DD /* CoreGraphics.framework */,
				39AEB5E7181F2A6100EA48DD /* UIKit.framework */,
				39AEB5FC181F2A6100EA48DD /* XCTest.framework */,
			);
			name = Frameworks;
			sourceTree = "<group>";
		};
		39AEB5E9181F2A6100EA48DD /* Week2Missiles */ = {
			isa = PBXGroup;
			children = (
				39AEB5F2181F2A6100EA48DD /* Week2MissilesAppDelegate.h */,
				39AEB5F3181F2A6100EA48DD /* Week2MissilesAppDelegate.m */,
				3979CA221830613C006E6979 /* MenuViewController.h */,
				3979CA231830613C006E6979 /* MenuViewController.m */,
				39AEB618181F2B7000EA48DD /* GameViewController.h */,
				39AEB619181F2B7000EA48DD /* GameViewController.m */,
				39AEB612181F2B4200EA48DD /* Box.h */,
				39AEB614181F2B4200EA48DD /* Box.m */,
				39AEB615181F2B4200EA48DD /* Utility.h */,
				39AEB613181F2B4200EA48DD /* Utility.m */,
				39AEB5F5181F2A6100EA48DD /* Images.xcassets */,
				39AEB5EA181F2A6100EA48DD /* Supporting Files */,
			);
			path = Week2Missiles;
			sourceTree = "<group>";
		};
		39AEB5EA181F2A6100EA48DD /* Supporting Files */ = {
			isa = PBXGroup;
			children = (
				39601256181F4170008C6A47 /* catface.jpg */,
				39601257181F4170008C6A47 /* dogface.jpg */,
				39AEB5EB181F2A6100EA48DD /* Week2Missiles-Info.plist */,
				39AEB5EC181F2A6100EA48DD /* InfoPlist.strings */,
				39AEB5EF181F2A6100EA48DD /* main.m */,
				39AEB5F1181F2A6100EA48DD /* Week2Missiles-Prefix.pch */,
			);
			name = "Supporting Files";
			sourceTree = "<group>";
		};
		39AEB602181F2A6100EA48DD /* Week2MissilesTests */ = {
			isa = PBXGroup;
			children = (
				39AEB608181F2A6100EA48DD /* Week2MissilesTests.m */,
				39AEB603181F2A6100EA48DD /* Supporting Files */,
			);
			path = Week2MissilesTests;
			sourceTree = "<group>";
		};
		39AEB603181F2A6100EA48DD /* Supporting Files */ = {
			isa = PBXGroup;
			children = (
				39AEB604181F2A6100EA48DD /* Week2MissilesTests-Info.plist */,
				39AEB605181F2A6100EA48DD /* InfoPlist.strings */,
			);
			name = "Supporting Files";
			sourceTree = "<group>";
		};
/* End PBXGroup section */

/* Begin PBXNativeTarget section */
		39AEB5DF181F2A6100EA48DD /* Week2Missiles */ = {
			isa = PBXNativeTarget;
			buildConfigurationList = 39AEB60C181F2A6100EA48DD /* Build configuration list for PBXNativeTarget "Week2Missiles" */;
			buildPhases = (
				39AEB5DC181F2A6100EA48DD /* Sources */,
				39AEB5DD181F2A6100EA48DD /* Frameworks */,
				39AEB5DE181F2A6100EA48DD /* Resources */,
			);
			buildRules = (
			);
			dependencies = (
			);
			name = Week2Missiles;
			productName = Week2Missiles;
			productReference = 39AEB5E0181F2A6100EA48DD /* Week2Missiles.app */;
			productType = "com.apple.product-type.application";
		};
		39AEB5FA181F2A6100EA48DD /* Week2MissilesTests */ = {
			isa = PBXNativeTarget;
			buildConfigurationList = 39AEB60F181F2A6100EA48DD /* Build configuration list for PBXNativeTarget "Week2MissilesTests" */;
			buildPhases = (
				39AEB5F7181F2A6100EA48DD /* Sources */,
				39AEB5F8181F2A6100EA48DD /* Frameworks */,
				39AEB5F9181F2A6100EA48DD /* Resources */,
			);
			buildRules = (
			);
			dependencies = (
				39AEB601181F2A6100EA48DD /* PBXTargetDependency */,
			);
			name = Week2MissilesTests;
			productName = Week2MissilesTests;
			productReference = 39AEB5FB181F2A6100EA48DD /* Week2MissilesTests.xctest */;
			productType = "com.apple.product-type.bundle.unit-test";
		};
/* End PBXNativeTarget section */

/* Begin PBXProject section */
		39AEB5D8181F2A6100EA48DD /* Project object */ = {
			isa = PBXProject;
			attributes = {
				CLASSPREFIX = Week2Missiles;
				LastUpgradeCheck = 0500;
				ORGANIZATIONNAME = "Christopher J Di Luccia";
				TargetAttributes = {
					39AEB5FA181F2A6100EA48DD = {
						TestTargetID = 39AEB5DF181F2A6100EA48DD;
					};
				};
			};
			buildConfigurationList = 39AEB5DB181F2A6100EA48DD /* Build configuration list for PBXProject "Week2Missiles" */;
			compatibilityVersion = "Xcode 3.2";
			developmentRegion = English;
			hasScannedForEncodings = 0;
			knownRegions = (
				en,
			);
			mainGroup = 39AEB5D7181F2A6100EA48DD;
			productRefGroup = 39AEB5E1181F2A6100EA48DD /* Products */;
			projectDirPath = "";
			projectRoot = "";
			targets = (
				39AEB5DF181F2A6100EA48DD /* Week2Missiles */,
				39AEB5FA181F2A6100EA48DD /* Week2MissilesTests */,
			);
		};
/* End PBXProject section */

/* Begin PBXResourcesBuildPhase section */
		39AEB5DE181F2A6100EA48DD /* Resources */ = {
			isa = PBXResourcesBuildPhase;
			buildActionMask = 2147483647;
			files = (
				39AEB5EE181F2A6100EA48DD /* InfoPlist.strings in Resources */,
				39601258181F4170008C6A47 /* catface.jpg in Resources */,
				39AEB5F6181F2A6100EA48DD /* Images.xcassets in Resources */,
				39601259181F4170008C6A47 /* dogface.jpg in Resources */,
			);
			runOnlyForDeploymentPostprocessing = 0;
		};
		39AEB5F9181F2A6100EA48DD /* Resources */ = {
			isa = PBXResourcesBuildPhase;
			buildActionMask = 2147483647;
			files = (
				39AEB607181F2A6100EA48DD /* InfoPlist.strings in Resources */,
			);
			runOnlyForDeploymentPostprocessing = 0;
		};
/* End PBXResourcesBuildPhase section */

/* Begin PBXSourcesBuildPhase section */
		39AEB5DC181F2A6100EA48DD /* Sources */ = {
			isa = PBXSourcesBuildPhase;
			buildActionMask = 2147483647;
			files = (
				39AEB5F4181F2A6100EA48DD /* Week2MissilesAppDelegate.m in Sources */,
				3979CA241830613C006E6979 /* MenuViewController.m in Sources */,
				39AEB617181F2B4200EA48DD /* Box.m in Sources */,
				39AEB616181F2B4200EA48DD /* Utility.m in Sources */,
				39AEB5F0181F2A6100EA48DD /* main.m in Sources */,
				39AEB61A181F2B7000EA48DD /* GameViewController.m in Sources */,
			);
			runOnlyForDeploymentPostprocessing = 0;
		};
		39AEB5F7181F2A6100EA48DD /* Sources */ = {
			isa = PBXSourcesBuildPhase;
			buildActionMask = 2147483647;
			files = (
				39AEB609181F2A6100EA48DD /* Week2MissilesTests.m in Sources */,
			);
			runOnlyForDeploymentPostprocessing = 0;
		};
/* End PBXSourcesBuildPhase section */

/* Begin PBXTargetDependency section */
		39AEB601181F2A6100EA48DD /* PBXTargetDependency */ = {
			isa = PBXTargetDependency;
			target = 39AEB5DF181F2A6100EA48DD /* Week2Missiles */;
			targetProxy = 39AEB600181F2A6100EA48DD /* PBXContainerItemProxy */;
		};
/* End PBXTargetDependency section */

/* Begin PBXVariantGroup section */
		39AEB5EC181F2A6100EA48DD /* InfoPlist.strings */ = {
			isa = PBXVariantGroup;
			children = (
				39AEB5ED181F2A6100EA48DD /* en */,
			);
			name = InfoPlist.strings;
			sourceTree = "<group>";
		};
		39AEB605181F2A6100EA48DD /* InfoPlist.strings */ = {
			isa = PBXVariantGroup;
			children = (
				39AEB606181F2A6100EA48DD /* en */,
			);
			name = InfoPlist.strings;
			sourceTree = "<group>";
		};
/* End PBXVariantGroup section */

/* Begin XCBuildConfiguration section */
		39AEB60A181F2A6100EA48DD /* Debug */ = {
			isa = XCBuildConfiguration;
			buildSettings = {
				ALWAYS_SEARCH_USER_PATHS = NO;
				ARCHS = "$(ARCHS_STANDARD_INCLUDING_64_BIT)";
				CLANG_CXX_LANGUAGE_STANDARD = "gnu++0x";
				CLANG_CXX_LIBRARY = "libc++";
				CLANG_ENABLE_MODULES = YES;
				CLANG_ENABLE_OBJC_ARC = YES;
				CLANG_WARN_BOOL_CONVERSION = YES;
				CLANG_WARN_CONSTANT_CONVERSION = YES;
				CLANG_WARN_DIRECT_OBJC_ISA_USAGE = YES_ERROR;
				CLANG_WARN_EMPTY_BODY = YES;
				CLANG_WARN_ENUM_CONVERSION = YES;
				CLANG_WARN_INT_CONVERSION = YES;
				CLANG_WARN_OBJC_ROOT_CLASS = YES_ERROR;
				CLANG_WARN__DUPLICATE_METHOD_MATCH = YES;
				"CODE_SIGN_IDENTITY[sdk=iphoneos*]" = "iPhone Developer";
				COPY_PHASE_STRIP = NO;
				GCC_C_LANGUAGE_STANDARD = gnu99;
				GCC_DYNAMIC_NO_PIC = NO;
				GCC_OPTIMIZATION_LEVEL = 0;
				GCC_PREPROCESSOR_DEFINITIONS = (
					"DEBUG=1",
					"$(inherited)",
				);
				GCC_SYMBOLS_PRIVATE_EXTERN = NO;
				GCC_WARN_64_TO_32_BIT_CONVERSION = YES;
				GCC_WARN_ABOUT_RETURN_TYPE = YES_ERROR;
				GCC_WARN_UNDECLARED_SELECTOR = YES;
				GCC_WARN_UNINITIALIZED_AUTOS = YES;
				GCC_WARN_UNUSED_FUNCTION = YES;
				GCC_WARN_UNUSED_VARIABLE = YES;
				IPHONEOS_DEPLOYMENT_TARGET = 7.0;
				ONLY_ACTIVE_ARCH = YES;
				SDKROOT = iphoneos;
				TARGETED_DEVICE_FAMILY = "1,2";
			};
			name = Debug;
		};
		39AEB60B181F2A6100EA48DD /* Release */ = {
			isa = XCBuildConfiguration;
			buildSettings = {
				ALWAYS_SEARCH_USER_PATHS = NO;
				ARCHS = "$(ARCHS_STANDARD_INCLUDING_64_BIT)";
				CLANG_CXX_LANGUAGE_STANDARD = "gnu++0x";
				CLANG_CXX_LIBRARY = "libc++";
				CLANG_ENABLE_MODULES = YES;
				CLANG_ENABLE_OBJC_ARC = YES;
				CLANG_WARN_BOOL_CONVERSION = YES;
				CLANG_WARN_CONSTANT_CONVERSION = YES;
				CLANG_WARN_DIRECT_OBJC_ISA_USAGE = YES_ERROR;
				CLANG_WARN_EMPTY_BODY = YES;
				CLANG_WARN_ENUM_CONVERSION = YES;
				CLANG_WARN_INT_CONVERSION = YES;
				CLANG_WARN_OBJC_ROOT_CLASS = YES_ERROR;
				CLANG_WARN__DUPLICATE_METHOD_MATCH = YES;
				"CODE_SIGN_IDENTITY[sdk=iphoneos*]" = "iPhone Developer";
				COPY_PHASE_STRIP = YES;
				ENABLE_NS_ASSERTIONS = NO;
				GCC_C_LANGUAGE_STANDARD = gnu99;
				GCC_WARN_64_TO_32_BIT_CONVERSION = YES;
				GCC_WARN_ABOUT_RETURN_TYPE = YES_ERROR;
				GCC_WARN_UNDECLARED_SELECTOR = YES;
				GCC_WARN_UNINITIALIZED_AUTOS = YES;
				GCC_WARN_UNUSED_FUNCTION = YES;
				GCC_WARN_UNUSED_VARIABLE = YES;
				IPHONEOS_DEPLOYMENT_TARGET = 7.0;
				SDKROOT = iphoneos;
				TARGETED_DEVICE_FAMILY = "1,2";
				VALIDATE_PRODUCT = YES;
			};
			name = Release;
		};
		39AEB60D181F2A6100EA48DD /* Debug */ = {
			isa = XCBuildConfiguration;
			buildSettings = {
				ASSETCATALOG_COMPILER_APPICON_NAME = AppIcon;
				ASSETCATALOG_COMPILER_LAUNCHIMAGE_NAME = LaunchImage;
				GCC_PRECOMPILE_PREFIX_HEADER = YES;
				GCC_PREFIX_HEADER = "Week2Missiles/Week2Missiles-Prefix.pch";
				INFOPLIST_FILE = "Week2Missiles/Week2Missiles-Info.plist";
				PRODUCT_NAME = "$(TARGET_NAME)";
				WRAPPER_EXTENSION = app;
			};
			name = Debug;
		};
		39AEB60E181F2A6100EA48DD /* Release */ = {
			isa = XCBuildConfiguration;
			buildSettings = {
				ASSETCATALOG_COMPILER_APPICON_NAME = AppIcon;
				ASSETCATALOG_COMPILER_LAUNCHIMAGE_NAME = LaunchImage;
				GCC_PRECOMPILE_PREFIX_HEADER = YES;
				GCC_PREFIX_HEADER = "Week2Missiles/Week2Missiles-Prefix.pch";
				INFOPLIST_FILE = "Week2Missiles/Week2Missiles-Info.plist";
				PRODUCT_NAME = "$(TARGET_NAME)";
				WRAPPER_EXTENSION = app;
			};
			name = Release;
		};
		39AEB610181F2A6100EA48DD /* Debug */ = {
			isa = XCBuildConfiguration;
			buildSettings = {
				ARCHS = "$(ARCHS_STANDARD_INCLUDING_64_BIT)";
				BUNDLE_LOADER = "$(BUILT_PRODUCTS_DIR)/Week2Missiles.app/Week2Missiles";
				FRAMEWORK_SEARCH_PATHS = (
					"$(SDKROOT)/Developer/Library/Frameworks",
					"$(inherited)",
					"$(DEVELOPER_FRAMEWORKS_DIR)",
				);
				GCC_PRECOMPILE_PREFIX_HEADER = YES;
				GCC_PREFIX_HEADER = "Week2Missiles/Week2Missiles-Prefix.pch";
				GCC_PREPROCESSOR_DEFINITIONS = (
					"DEBUG=1",
					"$(inherited)",
				);
				INFOPLIST_FILE = "Week2MissilesTests/Week2MissilesTests-Info.plist";
				PRODUCT_NAME = "$(TARGET_NAME)";
				TEST_HOST = "$(BUNDLE_LOADER)";
				WRAPPER_EXTENSION = xctest;
			};
			name = Debug;
		};
		39AEB611181F2A6100EA48DD /* Release */ = {
			isa = XCBuildConfiguration;
			buildSettings = {
				ARCHS = "$(ARCHS_STANDARD_INCLUDING_64_BIT)";
				BUNDLE_LOADER = "$(BUILT_PRODUCTS_DIR)/Week2Missiles.app/Week2Missiles";
				FRAMEWORK_SEARCH_PATHS = (
					"$(SDKROOT)/Developer/Library/Frameworks",
					"$(inherited)",
					"$(DEVELOPER_FRAMEWORKS_DIR)",
				);
				GCC_PRECOMPILE_PREFIX_HEADER = YES;
				GCC_PREFIX_HEADER = "Week2Missiles/Week2Missiles-Prefix.pch";
				INFOPLIST_FILE = "Week2MissilesTests/Week2MissilesTests-Info.plist";
				PRODUCT_NAME = "$(TARGET_NAME)";
				TEST_HOST = "$(BUNDLE_LOADER)";
				WRAPPER_EXTENSION = xctest;
			};
			name = Release;
		};
/* End XCBuildConfiguration section */

/* Begin XCConfigurationList section */
		39AEB5DB181F2A6100EA48DD /* Build configuration list for PBXProject "Week2Missiles" */ = {
			isa = XCConfigurationList;
			buildConfigurations = (
				39AEB60A181F2A6100EA48DD /* Debug */,
				39AEB60B181F2A6100EA48DD /* Release */,
			);
			defaultConfigurationIsVisible = 0;
			defaultConfigurationName = Release;
		};
		39AEB60C181F2A6100EA48DD /* Build configuration list for PBXNativeTarget "Week2Missiles" */ = {
			isa = XCConfigurationList;
			buildConfigurations = (
				39AEB60D181F2A6100EA48DD /* Debug */,
				39AEB60E181F2A6100EA48DD /* Release */,
			);
			defaultConfigurationIsVisible = 0;
			defaultConfigurationName = Release;
		};
		39AEB60F181F2A6100EA48DD /* Build configuration list for PBXNativeTarget "Week2MissilesTests" */ = {
			isa = XCConfigurationList;
			buildConfigurations = (
				39AEB610181F2A6100EA48DD /* Debug */,
				39AEB611181F2A6100EA48DD /* Release */,
			);
			defaultConfigurationIsVisible = 0;
			defaultConfigurationName = Release;
		};
/* End XCConfigurationList section */
	};
	rootObject = 39AEB5D8181F2A6100EA48DD /* Project object */;
}
